hash: 6cc2c955c4d70fea747e0056aa63e8fe6a0f8d8c9baca20cf3a5a34d0c55b1fb
updated: 2017-08-16T20:57:02.3853046Z
imports:
- name: github.com/aws/aws-sdk-go
  version: 819b71cf8430e434c1eee7e7e8b0f2b8870be899
  subpackages:
  - aws
  - aws/session
  - service/firehose
- name: github.com/Clever/kinesis-to-firehose
  version: dca69c87e1662c7b1f55581399544d05fdcb09ab
  subpackages:
  - writer
- name: github.com/Clever/syslogparser
  version: fb28ad3e4340c046323b7beba685a72fd12ecbe8
  subpackages:
  - rfc3164
- name: github.com/jeromer/syslogparser
  version: 0e4ae46ea3f08de351074b643d649d5d00661a3c
- name: github.com/xeipuuv/gojsonpointer
  version: e0fe6f68307607d540ed8eac07a342c33fa1b54a
- name: github.com/xeipuuv/gojsonreference
  version: e02fc20de94c78484cd5ffb007f8af96be030a45
- name: github.com/xeipuuv/gojsonschema
  version: e18f0065e8c148fcf567ac43a3f8f5b66ac0720b
- name: golang.org/x/net
  version: a6577fac2d73be281a500b310739095313165611
  subpackages:
  - context
- name: golang.org/x/time
  version: f51c12702a4d776e4c1fa9b0fabab841babae631
  subpackages:
  - rate
- name: gopkg.in/Clever/kayvee-go.v6
  version: 096364e316a52652d3493be702d8105d8d01db84
  subpackages:
  - logger
  - router
- name: gopkg.in/yaml.v2
  version: a5b47d31c556af34a302ce5d659e6fea44d90de0
testImports:
- name: github.com/davecgh/go-spew
  version: 6d212800a42e8ab5c146b8ace3490ee17e5225f9
  subpackages:
  - spew
- name: github.com/pmezard/go-difflib
  version: d8ed2627bdf02c080bf22230dbb337003b7aba2d
  subpackages:
  - difflib
- name: github.com/stretchr/testify
  version: 69483b4bd14f5845b5a1e55bca19e954e827f1d0
  subpackages:
  - assert
