# This file is autogenerated, do not edit; changes may be undone by the next 'dep ensure'.


[[projects]]
  branch = "master"
  digest = "1:8b02380580838bb27fd272f09a467b29351cc2af18e54ee8497118b91cc8aed4"
  name = "github.com/Clever/syslogparser"
  packages = [
    ".",
    "rfc3164",
  ]
  pruneopts = ""
  revision = "fb28ad3e4340c046323b7beba685a72fd12ecbe8"

[[projects]]
  digest = "1:54841a823011a34356f108ae1c31eb00780d62edb9a95051b1559cecb0425fc6"
  name = "github.com/davecgh/go-spew"
  packages = ["spew"]
  pruneopts = ""
  revision = "6d212800a42e8ab5c146b8ace3490ee17e5225f9"

[[projects]]
  branch = "master"
  digest = "1:08e4168603de9afb3ae9135735d90f8b703e8c91a39ec75a6e535628e6eb97ce"
  name = "github.com/jeromer/syslogparser"
  packages = ["."]
  pruneopts = ""
  revision = "0e4ae46ea3f08de351074b643d649d5d00661a3c"

[[projects]]
  digest = "1:31ba63a60f9e41b5cbb6cce48f4756718bd514fe73a1c6ee2751ec8fbf6e109f"
  name = "github.com/pmezard/go-difflib"
  packages = ["difflib"]
  pruneopts = ""
  revision = "d8ed2627bdf02c080bf22230dbb337003b7aba2d"

[[projects]]
  digest = "1:83fd2513b9f6ae0997bf646db6b74e9e00131e31002116fda597175f25add42d"
  name = "github.com/stretchr/testify"
  packages = [
    "assert",
    "require",
  ]
  pruneopts = ""
  revision = "f654a9112bbeac49ca2cd45bfbe11533c4666cf8"
  version = "v1.6.1"

[[projects]]
  digest = "1:51f81b00e2e19324358c998712da59c5496f1dea6040f80c2c489d1899a350b6"
  name = "github.com/xeipuuv/gojsonpointer"
  packages = ["."]
  pruneopts = ""
  revision = "e0fe6f68307607d540ed8eac07a342c33fa1b54a"

[[projects]]
  branch = "master"
  digest = "1:feb667646650e600036a4731f959e746eb755970fc2c8a3d54c66a0cde7ac69d"
  name = "github.com/xeipuuv/gojsonreference"
  packages = ["."]
  pruneopts = ""
  revision = "e02fc20de94c78484cd5ffb007f8af96be030a45"

[[projects]]
  branch = "master"
  digest = "1:225b26e2d1bcccbb48495d411cd38c73a5abd82ead929364b2bc73f1b3172aba"
  name = "github.com/xeipuuv/gojsonschema"
  packages = ["."]
  pruneopts = ""
  revision = "065759f9c3d72653843069184bab4f5622926edf"

[[projects]]
  digest = "1:048740d09592ad3656d4cdd6a9919faa2718e58559b7ae372e0646d1d13af1aa"
  name = "golang.org/x/net"
  packages = ["context"]
  pruneopts = ""
  revision = "a6577fac2d73be281a500b310739095313165611"

[[projects]]
  digest = "1:42620a688eedbaa4ad582c44df6d0258eb9a6b1a1f24ad71d78044be3773f57c"
  name = "golang.org/x/time"
  packages = ["rate"]
  pruneopts = ""
  revision = "f51c12702a4d776e4c1fa9b0fabab841babae631"

[[projects]]
  digest = "1:c0e459576189f205788b83cce78feb1eb3e8a07f10b7d84cb4ba7855734ed6cb"
  name = "gopkg.in/Clever/kayvee-go.v6"
  packages = [
    ".",
    "logger",
    "router",
  ]
  pruneopts = ""
  revision = "08ee0456210a1eedbe9790402011831f42e2a5b0"
  version = "v6.23.0"

[[projects]]
  branch = "v2"
  digest = "1:0963c61acf879ae8b78a659a2864016eb61020c46c93f402041684b80d5963b6"
  name = "gopkg.in/yaml.v2"
  packages = ["."]
  pruneopts = ""
  revision = "b893565b90ca5ebaabd27e535c0e56f97856e5ff"

[[projects]]
  branch = "v3"
  digest = "1:2e9c4d6def1d36dcd17730e00c06b49a2e97ea5e1e639bcd24fa60fa43e33ad6"
  name = "gopkg.in/yaml.v3"
  packages = ["."]
  pruneopts = ""
  revision = "eeeca48fe7764f320e4870d231902bf9c1be2c08"

[solve-meta]
  analyzer-name = "dep"
  analyzer-version = 1
  input-imports = [
    "github.com/Clever/syslogparser",
    "github.com/Clever/syslogparser/rfc3164",
    "github.com/davecgh/go-spew/spew",
    "github.com/jeromer/syslogparser",
    "github.com/pmezard/go-difflib/difflib",
    "github.com/stretchr/testify/assert",
    "github.com/stretchr/testify/require",
    "github.com/xeipuuv/gojsonpointer",
    "github.com/xeipuuv/gojsonreference",
    "github.com/xeipuuv/gojsonschema",
    "golang.org/x/net/context",
    "golang.org/x/time/rate",
    "gopkg.in/Clever/kayvee-go.v6",
    "gopkg.in/Clever/kayvee-go.v6/logger",
    "gopkg.in/Clever/kayvee-go.v6/router",
    "gopkg.in/yaml.v2",
  ]
  solver-name = "gps-cdcl"
  solver-version = 1
